// !$*UTF8*$!
{
	archiveVersion = 1;
	classes = {
	};
	objectVersion = 77;
	objects = {

/* Begin PBXBuildFile section */
		39B14DB32C9CE173003A457D /* Utils.swift in Sources */ = {isa = PBXBuildFile; fileRef = 39B14DB12C9CE173003A457D /* Utils.swift */; };
		39B90B9B2C9B07CE0002823D /* SQLite in Frameworks */ = {isa = PBXBuildFile; productRef = 39B90B9A2C9B07CE0002823D /* SQLite */; };
		39B90BA12C9B24A40002823D /* SQLite in Frameworks */ = {isa = PBXBuildFile; productRef = 39B90BA02C9B24A40002823D /* SQLite */; };
		39D69B062C9E71E100923741 /* SettingsAccess in Frameworks */ = {isa = PBXBuildFile; productRef = 39D69B052C9E71E100923741 /* SettingsAccess */; };
		4180AEAE2839753E0054FEA9 /* Toki.swift in Sources */ = {isa = PBXBuildFile; fileRef = 4180AEAD2839753E0054FEA9 /* Toki.swift */; };
		4180AEB22839753F0054FEA9 /* Assets.xcassets in Resources */ = {isa = PBXBuildFile; fileRef = 4180AEB12839753F0054FEA9 /* Assets.xcassets */; };
		4180AEB52839753F0054FEA9 /* Preview Assets.xcassets in Resources */ = {isa = PBXBuildFile; fileRef = 4180AEB42839753F0054FEA9 /* Preview Assets.xcassets */; };
		4180AEBD283975670054FEA9 /* MainScene.swift in Sources */ = {isa = PBXBuildFile; fileRef = 4180AEBC283975670054FEA9 /* MainScene.swift */; };
		4180AEC0283976740054FEA9 /* SettingsWindow.swift in Sources */ = {isa = PBXBuildFile; fileRef = 4180AEBF283976740054FEA9 /* SettingsWindow.swift */; };
		4180AEC2283976F80054FEA9 /* GeneralSettingsView.swift in Sources */ = {isa = PBXBuildFile; fileRef = 4180AEC1283976F80054FEA9 /* GeneralSettingsView.swift */; };
		4180AEC4283979530054FEA9 /* MainView.swift in Sources */ = {isa = PBXBuildFile; fileRef = 4180AEC3283979530054FEA9 /* MainView.swift */; };
		4180AEDC283984740054FEA9 /* ExportCommands.swift in Sources */ = {isa = PBXBuildFile; fileRef = 4180AEDB283984740054FEA9 /* ExportCommands.swift */; };
		4180AEDE283985190054FEA9 /* MyExportDocument.swift in Sources */ = {isa = PBXBuildFile; fileRef = 4180AEDD283985190054FEA9 /* MyExportDocument.swift */; };
		4180AEEE2839A0660054FEA9 /* Bundle+Name.swift in Sources */ = {isa = PBXBuildFile; fileRef = 4180AEED2839A0660054FEA9 /* Bundle+Name.swift */; };
		4180AEF12839A0830054FEA9 /* Bundle+Version.swift in Sources */ = {isa = PBXBuildFile; fileRef = 4180AEF02839A0830054FEA9 /* Bundle+Version.swift */; };
		4180AEF32839A0950054FEA9 /* Bundle+Copyright.swift in Sources */ = {isa = PBXBuildFile; fileRef = 4180AEF22839A0950054FEA9 /* Bundle+Copyright.swift */; };
/* End PBXBuildFile section */

/* Begin PBXFileReference section */
		39B14DB12C9CE173003A457D /* Utils.swift */ = {isa = PBXFileReference; lastKnownFileType = sourcecode.swift; path = Utils.swift; sourceTree = "<group>"; };
		4180AEAA2839753E0054FEA9 /* Toki.app */ = {isa = PBXFileReference; explicitFileType = wrapper.application; includeInIndex = 0; path = Toki.app; sourceTree = BUILT_PRODUCTS_DIR; };
		4180AEAD2839753E0054FEA9 /* Toki.swift */ = {isa = PBXFileReference; lastKnownFileType = sourcecode.swift; path = Toki.swift; sourceTree = "<group>"; };
		4180AEB12839753F0054FEA9 /* Assets.xcassets */ = {isa = PBXFileReference; lastKnownFileType = folder.assetcatalog; path = Assets.xcassets; sourceTree = "<group>"; };
		4180AEB42839753F0054FEA9 /* Preview Assets.xcassets */ = {isa = PBXFileReference; lastKnownFileType = folder.assetcatalog; path = "Preview Assets.xcassets"; sourceTree = "<group>"; };
		4180AEB62839753F0054FEA9 /* Toki.entitlements */ = {isa = PBXFileReference; lastKnownFileType = text.plist.entitlements; path = Toki.entitlements; sourceTree = "<group>"; };
		4180AEBC283975670054FEA9 /* MainScene.swift */ = {isa = PBXFileReference; lastKnownFileType = sourcecode.swift; path = MainScene.swift; sourceTree = "<group>"; };
		4180AEBF283976740054FEA9 /* SettingsWindow.swift */ = {isa = PBXFileReference; lastKnownFileType = sourcecode.swift; path = SettingsWindow.swift; sourceTree = "<group>"; };
		4180AEC1283976F80054FEA9 /* GeneralSettingsView.swift */ = {isa = PBXFileReference; lastKnownFileType = sourcecode.swift; path = GeneralSettingsView.swift; sourceTree = "<group>"; };
		4180AEC3283979530054FEA9 /* MainView.swift */ = {isa = PBXFileReference; lastKnownFileType = sourcecode.swift; path = MainView.swift; sourceTree = "<group>"; };
		4180AEDB283984740054FEA9 /* ExportCommands.swift */ = {isa = PBXFileReference; lastKnownFileType = sourcecode.swift; path = ExportCommands.swift; sourceTree = "<group>"; };
		4180AEDD283985190054FEA9 /* MyExportDocument.swift */ = {isa = PBXFileReference; lastKnownFileType = sourcecode.swift; path = MyExportDocument.swift; sourceTree = "<group>"; };
		4180AEED2839A0660054FEA9 /* Bundle+Name.swift */ = {isa = PBXFileReference; lastKnownFileType = sourcecode.swift; path = "Bundle+Name.swift"; sourceTree = "<group>"; };
		4180AEF02839A0830054FEA9 /* Bundle+Version.swift */ = {isa = PBXFileReference; lastKnownFileType = sourcecode.swift; path = "Bundle+Version.swift"; sourceTree = "<group>"; };
		4180AEF22839A0950054FEA9 /* Bundle+Copyright.swift */ = {isa = PBXFileReference; lastKnownFileType = sourcecode.swift; path = "Bundle+Copyright.swift"; sourceTree = "<group>"; };
/* End PBXFileReference section */

/* Begin PBXFileSystemSynchronizedRootGroup section */
		398A914C2C9F17B500DF3012 /* TimelineViewWeek */ = {
			isa = PBXFileSystemSynchronizedRootGroup;
			path = TimelineViewWeek;
			sourceTree = "<group>";
		};
		398A91552C9F371B00DF3012 /* Components */ = {
			isa = PBXFileSystemSynchronizedRootGroup;
			path = Components;
			sourceTree = "<group>";
		};
		398DCB7A2C9A64DC00BB9310 /* Menu Bar */ = {
			isa = PBXFileSystemSynchronizedRootGroup;
			path = "Menu Bar";
			sourceTree = "<group>";
		};
		39B14DBE2C9D00FB003A457D /* TimelineViewDay */ = {
			isa = PBXFileSystemSynchronizedRootGroup;
			path = TimelineViewDay;
			sourceTree = "<group>";
		};
		39B90B9C2C9B1E1C0002823D /* Watcher */ = {
			isa = PBXFileSystemSynchronizedRootGroup;
			path = Watcher;
			sourceTree = "<group>";
		};
		39B90BA22C9B2B0A0002823D /* Reader */ = {
			isa = PBXFileSystemSynchronizedRootGroup;
			path = Reader;
			sourceTree = "<group>";
		};
/* End PBXFileSystemSynchronizedRootGroup section */

/* Begin PBXFrameworksBuildPhase section */
		4180AEA72839753E0054FEA9 /* Frameworks */ = {
			isa = PBXFrameworksBuildPhase;
			buildActionMask = 2147483647;
			files = (
				39D69B062C9E71E100923741 /* SettingsAccess in Frameworks */,
				39B90BA12C9B24A40002823D /* SQLite in Frameworks */,
				39B90B9B2C9B07CE0002823D /* SQLite in Frameworks */,
			);
			runOnlyForDeploymentPostprocessing = 0;
		};
/* End PBXFrameworksBuildPhase section */

/* Begin PBXGroup section */
		4180AEA12839753E0054FEA9 = {
			isa = PBXGroup;
			children = (
				4180AEAC2839753E0054FEA9 /* Toki */,
				4180AEAB2839753E0054FEA9 /* Products */,
			);
			indentWidth = 2;
			sourceTree = "<group>";
			tabWidth = 2;
		};
		4180AEAB2839753E0054FEA9 /* Products */ = {
			isa = PBXGroup;
			children = (
				4180AEAA2839753E0054FEA9 /* Toki.app */,
			);
			name = Products;
			sourceTree = "<group>";
		};
		4180AEAC2839753E0054FEA9 /* Toki */ = {
			isa = PBXGroup;
			children = (
				39B90BA22C9B2B0A0002823D /* Reader */,
				39B90B9C2C9B1E1C0002823D /* Watcher */,
				398DCB7A2C9A64DC00BB9310 /* Menu Bar */,
				4180AEEC2839A0560054FEA9 /* Utilities */,
				4180AEBE283976620054FEA9 /* Settings */,
				4180AEE528399DDE0054FEA9 /* Export */,
				4180AECA28397C3A0054FEA9 /* Panes */,
				4180AEC3283979530054FEA9 /* MainView.swift */,
				4180AEBC283975670054FEA9 /* MainScene.swift */,
				4180AEAD2839753E0054FEA9 /* Toki.swift */,
				4180AEB12839753F0054FEA9 /* Assets.xcassets */,
				4180AEB62839753F0054FEA9 /* Toki.entitlements */,
				4180AEB32839753F0054FEA9 /* Preview Content */,
			);
			path = Toki;
			sourceTree = "<group>";
		};
		4180AEB32839753F0054FEA9 /* Preview Content */ = {
			isa = PBXGroup;
			children = (
				4180AEB42839753F0054FEA9 /* Preview Assets.xcassets */,
			);
			path = "Preview Content";
			sourceTree = "<group>";
		};
		4180AEBE283976620054FEA9 /* Settings */ = {
			isa = PBXGroup;
			children = (
				4180AEBF283976740054FEA9 /* SettingsWindow.swift */,
				4180AEC1283976F80054FEA9 /* GeneralSettingsView.swift */,
			);
			path = Settings;
			sourceTree = "<group>";
		};
		4180AECA28397C3A0054FEA9 /* Panes */ = {
			isa = PBXGroup;
			children = (
				398A914C2C9F17B500DF3012 /* TimelineViewWeek */,
				39B14DBE2C9D00FB003A457D /* TimelineViewDay */,
			);
			path = Panes;
			sourceTree = "<group>";
		};
		4180AEE528399DDE0054FEA9 /* Export */ = {
			isa = PBXGroup;
			children = (
				4180AEDB283984740054FEA9 /* ExportCommands.swift */,
				4180AEDD283985190054FEA9 /* MyExportDocument.swift */,
			);
			path = Export;
			sourceTree = "<group>";
		};
		4180AEEC2839A0560054FEA9 /* Utilities */ = {
			isa = PBXGroup;
			children = (
				398A91552C9F371B00DF3012 /* Components */,
				4180AEEF2839A0720054FEA9 /* Bundle Extensions */,
				39B14DB12C9CE173003A457D /* Utils.swift */,
			);
			path = Utilities;
			sourceTree = "<group>";
		};
		4180AEEF2839A0720054FEA9 /* Bundle Extensions */ = {
			isa = PBXGroup;
			children = (
				4180AEED2839A0660054FEA9 /* Bundle+Name.swift */,
				4180AEF02839A0830054FEA9 /* Bundle+Version.swift */,
				4180AEF22839A0950054FEA9 /* Bundle+Copyright.swift */,
			);
			path = "Bundle Extensions";
			sourceTree = "<group>";
		};
/* End PBXGroup section */

/* Begin PBXNativeTarget section */
		4180AEA92839753E0054FEA9 /* Toki */ = {
			isa = PBXNativeTarget;
			buildConfigurationList = 4180AEB92839753F0054FEA9 /* Build configuration list for PBXNativeTarget "Toki" */;
			buildPhases = (
				4180AEA62839753E0054FEA9 /* Sources */,
				4180AEA72839753E0054FEA9 /* Frameworks */,
				4180AEA82839753E0054FEA9 /* Resources */,
			);
			buildRules = (
			);
			dependencies = (
			);
			fileSystemSynchronizedGroups = (
				398A914C2C9F17B500DF3012 /* TimelineViewWeek */,
				398A91552C9F371B00DF3012 /* Components */,
				398DCB7A2C9A64DC00BB9310 /* Menu Bar */,
				39B14DBE2C9D00FB003A457D /* TimelineViewDay */,
				39B90B9C2C9B1E1C0002823D /* Watcher */,
				39B90BA22C9B2B0A0002823D /* Reader */,
			);
			name = Toki;
			productName = SidebarApp;
			productReference = 4180AEAA2839753E0054FEA9 /* Toki.app */;
			productType = "com.apple.product-type.application";
		};
/* End PBXNativeTarget section */

/* Begin PBXProject section */
		4180AEA22839753E0054FEA9 /* Project object */ = {
			isa = PBXProject;
			attributes = {
				BuildIndependentTargetsInParallel = 1;
				LastSwiftUpdateCheck = 1340;
				LastUpgradeCheck = 1600;
				TargetAttributes = {
					4180AEA92839753E0054FEA9 = {
						CreatedOnToolsVersion = 13.4;
					};
				};
			};
			buildConfigurationList = 4180AEA52839753E0054FEA9 /* Build configuration list for PBXProject "Toki" */;
			developmentRegion = en;
			hasScannedForEncodings = 0;
			knownRegions = (
				en,
				Base,
			);
			mainGroup = 4180AEA12839753E0054FEA9;
			packageReferences = (
				39B90B992C9B07CE0002823D /* XCRemoteSwiftPackageReference "SQLite.swift" */,
				39D69B042C9E71E100923741 /* XCRemoteSwiftPackageReference "SettingsAccess" */,
			);
			preferredProjectObjectVersion = 77;
			productRefGroup = 4180AEAB2839753E0054FEA9 /* Products */;
			projectDirPath = "";
			projectRoot = "";
			targets = (
				4180AEA92839753E0054FEA9 /* Toki */,
			);
		};
/* End PBXProject section */

/* Begin PBXResourcesBuildPhase section */
		4180AEA82839753E0054FEA9 /* Resources */ = {
			isa = PBXResourcesBuildPhase;
			buildActionMask = 2147483647;
			files = (
				4180AEB52839753F0054FEA9 /* Preview Assets.xcassets in Resources */,
				4180AEB22839753F0054FEA9 /* Assets.xcassets in Resources */,
			);
			runOnlyForDeploymentPostprocessing = 0;
		};
/* End PBXResourcesBuildPhase section */

/* Begin PBXSourcesBuildPhase section */
		4180AEA62839753E0054FEA9 /* Sources */ = {
			isa = PBXSourcesBuildPhase;
			buildActionMask = 2147483647;
			files = (
				4180AEBD283975670054FEA9 /* MainScene.swift in Sources */,
				4180AEF12839A0830054FEA9 /* Bundle+Version.swift in Sources */,
				4180AEDC283984740054FEA9 /* ExportCommands.swift in Sources */,
				4180AEEE2839A0660054FEA9 /* Bundle+Name.swift in Sources */,
				4180AEC4283979530054FEA9 /* MainView.swift in Sources */,
				4180AEC2283976F80054FEA9 /* GeneralSettingsView.swift in Sources */,
				4180AEDE283985190054FEA9 /* MyExportDocument.swift in Sources */,
				4180AEF32839A0950054FEA9 /* Bundle+Copyright.swift in Sources */,
				4180AEC0283976740054FEA9 /* SettingsWindow.swift in Sources */,
				4180AEAE2839753E0054FEA9 /* Toki.swift in Sources */,
				39B14DB32C9CE173003A457D /* Utils.swift in Sources */,
			);
			runOnlyForDeploymentPostprocessing = 0;
		};
/* End PBXSourcesBuildPhase section */

/* Begin XCBuildConfiguration section */
		4180AEB72839753F0054FEA9 /* Debug */ = {
			isa = XCBuildConfiguration;
			buildSettings = {
				ALWAYS_SEARCH_USER_PATHS = NO;
				ASSETCATALOG_COMPILER_GENERATE_SWIFT_ASSET_SYMBOL_EXTENSIONS = YES;
				CLANG_ANALYZER_NONNULL = YES;
				CLANG_ANALYZER_NUMBER_OBJECT_CONVERSION = YES_AGGRESSIVE;
				CLANG_CXX_LANGUAGE_STANDARD = "gnu++17";
				CLANG_ENABLE_MODULES = YES;
				CLANG_ENABLE_OBJC_ARC = YES;
				CLANG_ENABLE_OBJC_WEAK = YES;
				CLANG_WARN_BLOCK_CAPTURE_AUTORELEASING = YES;
				CLANG_WARN_BOOL_CONVERSION = YES;
				CLANG_WARN_COMMA = YES;
				CLANG_WARN_CONSTANT_CONVERSION = YES;
				CLANG_WARN_DEPRECATED_OBJC_IMPLEMENTATIONS = YES;
				CLANG_WARN_DIRECT_OBJC_ISA_USAGE = YES_ERROR;
				CLANG_WARN_DOCUMENTATION_COMMENTS = YES;
				CLANG_WARN_EMPTY_BODY = YES;
				CLANG_WARN_ENUM_CONVERSION = YES;
				CLANG_WARN_INFINITE_RECURSION = YES;
				CLANG_WARN_INT_CONVERSION = YES;
				CLANG_WARN_NON_LITERAL_NULL_CONVERSION = YES;
				CLANG_WARN_OBJC_IMPLICIT_RETAIN_SELF = YES;
				CLANG_WARN_OBJC_LITERAL_CONVERSION = YES;
				CLANG_WARN_OBJC_ROOT_CLASS = YES_ERROR;
				CLANG_WARN_QUOTED_INCLUDE_IN_FRAMEWORK_HEADER = YES;
				CLANG_WARN_RANGE_LOOP_ANALYSIS = YES;
				CLANG_WARN_STRICT_PROTOTYPES = YES;
				CLANG_WARN_SUSPICIOUS_MOVE = YES;
				CLANG_WARN_UNGUARDED_AVAILABILITY = YES_AGGRESSIVE;
				CLANG_WARN_UNREACHABLE_CODE = YES;
				CLANG_WARN__DUPLICATE_METHOD_MATCH = YES;
				COPY_PHASE_STRIP = NO;
				DEAD_CODE_STRIPPING = YES;
				DEBUG_INFORMATION_FORMAT = dwarf;
				ENABLE_STRICT_OBJC_MSGSEND = YES;
				ENABLE_TESTABILITY = YES;
				ENABLE_USER_SCRIPT_SANDBOXING = YES;
				GCC_C_LANGUAGE_STANDARD = gnu11;
				GCC_DYNAMIC_NO_PIC = NO;
				GCC_NO_COMMON_BLOCKS = YES;
				GCC_OPTIMIZATION_LEVEL = 0;
				GCC_PREPROCESSOR_DEFINITIONS = (
					"DEBUG=1",
					"$(inherited)",
				);
				GCC_WARN_64_TO_32_BIT_CONVERSION = YES;
				GCC_WARN_ABOUT_RETURN_TYPE = YES_ERROR;
				GCC_WARN_UNDECLARED_SELECTOR = YES;
				GCC_WARN_UNINITIALIZED_AUTOS = YES_AGGRESSIVE;
				GCC_WARN_UNUSED_FUNCTION = YES;
				GCC_WARN_UNUSED_VARIABLE = YES;
				MACOSX_DEPLOYMENT_TARGET = 14.0;
				MTL_ENABLE_DEBUG_INFO = INCLUDE_SOURCE;
				MTL_FAST_MATH = YES;
				ONLY_ACTIVE_ARCH = YES;
				SDKROOT = macosx;
				SWIFT_ACTIVE_COMPILATION_CONDITIONS = DEBUG;
				SWIFT_OPTIMIZATION_LEVEL = "-Onone";
			};
			name = Debug;
		};
		4180AEB82839753F0054FEA9 /* Release */ = {
			isa = XCBuildConfiguration;
			buildSettings = {
				ALWAYS_SEARCH_USER_PATHS = NO;
				ASSETCATALOG_COMPILER_GENERATE_SWIFT_ASSET_SYMBOL_EXTENSIONS = YES;
				CLANG_ANALYZER_NONNULL = YES;
				CLANG_ANALYZER_NUMBER_OBJECT_CONVERSION = YES_AGGRESSIVE;
				CLANG_CXX_LANGUAGE_STANDARD = "gnu++17";
				CLANG_ENABLE_MODULES = YES;
				CLANG_ENABLE_OBJC_ARC = YES;
				CLANG_ENABLE_OBJC_WEAK = YES;
				CLANG_WARN_BLOCK_CAPTURE_AUTORELEASING = YES;
				CLANG_WARN_BOOL_CONVERSION = YES;
				CLANG_WARN_COMMA = YES;
				CLANG_WARN_CONSTANT_CONVERSION = YES;
				CLANG_WARN_DEPRECATED_OBJC_IMPLEMENTATIONS = YES;
				CLANG_WARN_DIRECT_OBJC_ISA_USAGE = YES_ERROR;
				CLANG_WARN_DOCUMENTATION_COMMENTS = YES;
				CLANG_WARN_EMPTY_BODY = YES;
				CLANG_WARN_ENUM_CONVERSION = YES;
				CLANG_WARN_INFINITE_RECURSION = YES;
				CLANG_WARN_INT_CONVERSION = YES;
				CLANG_WARN_NON_LITERAL_NULL_CONVERSION = YES;
				CLANG_WARN_OBJC_IMPLICIT_RETAIN_SELF = YES;
				CLANG_WARN_OBJC_LITERAL_CONVERSION = YES;
				CLANG_WARN_OBJC_ROOT_CLASS = YES_ERROR;
				CLANG_WARN_QUOTED_INCLUDE_IN_FRAMEWORK_HEADER = YES;
				CLANG_WARN_RANGE_LOOP_ANALYSIS = YES;
				CLANG_WARN_STRICT_PROTOTYPES = YES;
				CLANG_WARN_SUSPICIOUS_MOVE = YES;
				CLANG_WARN_UNGUARDED_AVAILABILITY = YES_AGGRESSIVE;
				CLANG_WARN_UNREACHABLE_CODE = YES;
				CLANG_WARN__DUPLICATE_METHOD_MATCH = YES;
				COPY_PHASE_STRIP = NO;
				DEAD_CODE_STRIPPING = YES;
				DEBUG_INFORMATION_FORMAT = "dwarf-with-dsym";
				ENABLE_NS_ASSERTIONS = NO;
				ENABLE_STRICT_OBJC_MSGSEND = YES;
				ENABLE_USER_SCRIPT_SANDBOXING = YES;
				GCC_C_LANGUAGE_STANDARD = gnu11;
				GCC_NO_COMMON_BLOCKS = YES;
				GCC_WARN_64_TO_32_BIT_CONVERSION = YES;
				GCC_WARN_ABOUT_RETURN_TYPE = YES_ERROR;
				GCC_WARN_UNDECLARED_SELECTOR = YES;
				GCC_WARN_UNINITIALIZED_AUTOS = YES_AGGRESSIVE;
				GCC_WARN_UNUSED_FUNCTION = YES;
				GCC_WARN_UNUSED_VARIABLE = YES;
				MACOSX_DEPLOYMENT_TARGET = 14.0;
				MTL_ENABLE_DEBUG_INFO = NO;
				MTL_FAST_MATH = YES;
				SDKROOT = macosx;
				SWIFT_COMPILATION_MODE = wholemodule;
				SWIFT_OPTIMIZATION_LEVEL = "-O";
			};
			name = Release;
		};
		4180AEBA2839753F0054FEA9 /* Debug */ = {
			isa = XCBuildConfiguration;
			buildSettings = {
				ASSETCATALOG_COMPILER_APPICON_NAME = AppIcon;
				ASSETCATALOG_COMPILER_GLOBAL_ACCENT_COLOR_NAME = AccentColor;
				ASSETCATALOG_COMPILER_INCLUDE_ALL_APPICON_ASSETS = YES;
				CODE_SIGN_ENTITLEMENTS = Toki/Toki.entitlements;
				CODE_SIGN_STYLE = Manual;
				COMBINE_HIDPI_IMAGES = YES;
				CURRENT_PROJECT_VERSION = 1;
				DEAD_CODE_STRIPPING = YES;
				DEVELOPMENT_ASSET_PATHS = "";
				DEVELOPMENT_TEAM = "";
				ENABLE_HARDENED_RUNTIME = YES;
				ENABLE_PREVIEWS = YES;
				GENERATE_INFOPLIST_FILE = YES;
				INFOPLIST_KEY_CFBundleDisplayName = Toki;
				INFOPLIST_KEY_LSApplicationCategoryType = "public.app-category.productivity";
				INFOPLIST_KEY_NSHumanReadableCopyright = "";
				LD_RUNPATH_SEARCH_PATHS = (
					"$(inherited)",
					"@executable_path/../Frameworks",
				);
				MACOSX_DEPLOYMENT_TARGET = 14.0;
				MARKETING_VERSION = 1.0;
				PRODUCT_BUNDLE_IDENTIFIER = space.tnixc.Toki;
				PRODUCT_NAME = "$(TARGET_NAME)";
				PROVISIONING_PROFILE_SPECIFIER = "";
				SWIFT_EMIT_LOC_STRINGS = YES;
				SWIFT_VERSION = 5.0;
			};
			name = Debug;
		};
		4180AEBB2839753F0054FEA9 /* Release */ = {
			isa = XCBuildConfiguration;
			buildSettings = {
				ASSETCATALOG_COMPILER_APPICON_NAME = AppIcon;
				ASSETCATALOG_COMPILER_GLOBAL_ACCENT_COLOR_NAME = AccentColor;
				ASSETCATALOG_COMPILER_INCLUDE_ALL_APPICON_ASSETS = YES;
				CODE_SIGN_ENTITLEMENTS = Toki/Toki.entitlements;
				CODE_SIGN_STYLE = Manual;
				COMBINE_HIDPI_IMAGES = YES;
				CURRENT_PROJECT_VERSION = 1;
				DEAD_CODE_STRIPPING = YES;
				DEVELOPMENT_ASSET_PATHS = "";
				DEVELOPMENT_TEAM = "";
				ENABLE_HARDENED_RUNTIME = YES;
				ENABLE_PREVIEWS = YES;
				GENERATE_INFOPLIST_FILE = YES;
				INFOPLIST_KEY_CFBundleDisplayName = Toki;
				INFOPLIST_KEY_LSApplicationCategoryType = "public.app-category.productivity";
				INFOPLIST_KEY_NSHumanReadableCopyright = "";
				LD_RUNPATH_SEARCH_PATHS = (
					"$(inherited)",
					"@executable_path/../Frameworks",
				);
				MACOSX_DEPLOYMENT_TARGET = 14.0;
				MARKETING_VERSION = 1.0;
				PRODUCT_BUNDLE_IDENTIFIER = space.tnixc.Toki;
				PRODUCT_NAME = "$(TARGET_NAME)";
				PROVISIONING_PROFILE_SPECIFIER = "";
				SWIFT_EMIT_LOC_STRINGS = YES;
				SWIFT_VERSION = 5.0;
			};
			name = Release;
		};
/* End XCBuildConfiguration section */

/* Begin XCConfigurationList section */
		4180AEA52839753E0054FEA9 /* Build configuration list for PBXProject "Toki" */ = {
			isa = XCConfigurationList;
			buildConfigurations = (
				4180AEB72839753F0054FEA9 /* Debug */,
				4180AEB82839753F0054FEA9 /* Release */,
			);
			defaultConfigurationIsVisible = 0;
			defaultConfigurationName = Release;
		};
		4180AEB92839753F0054FEA9 /* Build configuration list for PBXNativeTarget "Toki" */ = {
			isa = XCConfigurationList;
			buildConfigurations = (
				4180AEBA2839753F0054FEA9 /* Debug */,
				4180AEBB2839753F0054FEA9 /* Release */,
			);
			defaultConfigurationIsVisible = 0;
			defaultConfigurationName = Release;
		};
/* End XCConfigurationList section */

/* Begin XCRemoteSwiftPackageReference section */
		39B90B992C9B07CE0002823D /* XCRemoteSwiftPackageReference "SQLite.swift" */ = {
			isa = XCRemoteSwiftPackageReference;
			repositoryURL = "https://github.com/stephencelis/SQLite.swift.git";
			requirement = {
				kind = upToNextMinorVersion;
				minimumVersion = 0.15.1;
			};
		};
		39D69B042C9E71E100923741 /* XCRemoteSwiftPackageReference "SettingsAccess" */ = {
			isa = XCRemoteSwiftPackageReference;
			repositoryURL = "https://github.com/orchetect/SettingsAccess";
			requirement = {
				kind = upToNextMajorVersion;
				minimumVersion = 2.0.0;
			};
		};
/* End XCRemoteSwiftPackageReference section */

/* Begin XCSwiftPackageProductDependency section */
		39B90B9A2C9B07CE0002823D /* SQLite */ = {
			isa = XCSwiftPackageProductDependency;
			package = 39B90B992C9B07CE0002823D /* XCRemoteSwiftPackageReference "SQLite.swift" */;
			productName = SQLite;
		};
		39B90BA02C9B24A40002823D /* SQLite */ = {
			isa = XCSwiftPackageProductDependency;
			package = 39B90B992C9B07CE0002823D /* XCRemoteSwiftPackageReference "SQLite.swift" */;
			productName = SQLite;
		};
		39D69B052C9E71E100923741 /* SettingsAccess */ = {
			isa = XCSwiftPackageProductDependency;
			package = 39D69B042C9E71E100923741 /* XCRemoteSwiftPackageReference "SettingsAccess" */;
			productName = SettingsAccess;
		};
/* End XCSwiftPackageProductDependency section */
	};
	rootObject = 4180AEA22839753E0054FEA9 /* Project object */;
}
